
Microsoft Visual Studio Solution File, Format Version 12.00
# Visual Studio Version 16
VisualStudioVersion = 16.0.32901.82
MinimumVisualStudioVersion = 10.0.40219.1
Project("{FAE04EC0-301F-11D3-BF4B-00C04F79EFBC}") = "Proiect", "Proiect\Proiect.csproj", "{4CCAF603-24F0-4E86-BAAB-3078D0DC41F9}"
EndProject
Global
	GlobalSection(SolutionConfigurationPlatforms) = preSolution
		Debug|Any CPU = Debug|Any CPU
		Release|Any CPU = Release|Any CPU
	EndGlobalSection
	GlobalSection(ProjectConfigurationPlatforms) = postSolution
		{4CCAF603-24F0-4E86-BAAB-3078D0DC41F9}.Debug|Any CPU.ActiveCfg = Debug|Any CPU
		{4CCAF603-24F0-4E86-BAAB-3078D0DC41F9}.Debug|Any CPU.Build.0 = Debug|Any CPU
		{4CCAF603-24F0-4E86-BAAB-3078D0DC41F9}.Release|Any CPU.ActiveCfg = Release|Any CPU
		{4CCAF603-24F0-4E86-BAAB-3078D0DC41F9}.Release|Any CPU.Build.0 = Release|Any CPU
	EndGlobalSection
	GlobalSection(SolutionProperties) = preSolution
		HideSolutionNode = FALSE
	EndGlobalSection
	GlobalSection(ExtensibilityGlobals) = postSolution
		SolutionGuid = {5184D2DF-D692-4930-B187-86728D3448FB}
	EndGlobalSection
EndGlobal
